#MicroXplorer Configuration settings - do not modify
Mcu.Family=STM32L5
ProjectManager.MainLocation=Core/Src
NVIC1.BFHFNMINS=0
NVIC2.SavedPendsvIrqHandlerGenerated=true
PC7.GPIOParameters=GPIO_Speed,GPIO_Label,PinAttribute
RCC.USART1Freq_Value=110000000
PA14\ (JTCK/SWCLK).GPIOParameters=PinAttribute
VP_SYS_VS_tim6.Mode=TIM6
RCC.OCTOSPIMFreq_Value=110000000
RCC.SAI1Freq_Value=9142857.142857144
RCC.CortexFreq_Value=110000000
CortexM33NS.Pins=PA9
VP_MBEDTLS_VS_MBEDTLS.Mode=Enabled
GTZC_S.RNG_Secure=GTZC_TZSC_PERIPH_SEC
ProjectManager.KeepUserCode=true
Mcu.UserName=STM32L552ZETxQ
NVIC2.SysTick_IRQn=true\:7\:0\:false\:false\:false\:true\:false\:true
RCC.PLLSAI1RoutputFreq_Value=32000000
NVIC2.BFHFNMINS=0
PC7.Locked=true
ProjectManager.functionlistsort=1-MX_GPIO_Init-GPIO-false-HAL-true-CortexM33S,2-MX_GTZC_S_Init-GTZC_S-false-HAL-true-CortexM33S,3-MX_ICACHE_Init-ICACHE-false-HAL-true-CortexM33S,4-MX_HASH_Init-HASH-false-HAL-true-CortexM33S,5-MX_RNG_Init-RNG-false-HAL-true-CortexM33S,6-MX_MBEDTLS_Init-MBEDTLS-false-HAL-false-CortexM33S,7-SystemClock_Config-RCC-false-HAL-false-CortexM33S,1-MX_GPIO_Init-GPIO-false-HAL-true-CortexM33NS,2-SystemClock_Config-RCC-false-HAL-false-CortexM33NS,0-MX_PWR_Init-PWR-false-HAL-true-CortexM33S,0-MX_PWR_Init-PWR-false-HAL-true-CortexM33NS
PA9.GPIOParameters=GPIO_Speed,GPIO_Label,PinAttribute
RCC.USART2Freq_Value=110000000
PB3\ (JTDO/TRACESWO).GPIOParameters=PinAttribute
PinOutPanel.RotationAngle=0
RCC.MCO1PinFreq_Value=110000000
RCC.SYSCLKSource=RCC_SYSCLKSOURCE_PLLCLK
ProjectManager.StackSize=0x400
VP_FREERTOS_VS_CMSIS_V2.Mode=CMSIS_V2
NVIC2.TimeBase=TIM6_IRQn
RCC.VCOInput3Freq_Value=4000000
RCC.I2C3Freq_Value=110000000
RCC.LPTIM1Freq_Value=110000000
Mcu.IP4=ICACHE
Mcu.IP5=MBEDTLS
NVIC1.PendSV_IRQn=true\:0\:0\:false\:false\:true\:false\:false
RCC.FCLKCortexFreq_Value=110000000
VP_SYS_S_VS_Systick.Mode=SysTick
Mcu.IP2=GTZC_S
Mcu.IP3=HASH
Mcu.IP0=DEBUG
PA14\ (JTCK/SWCLK).Signal=DEBUG_JTCK-SWCLK
Mcu.IP1=FREERTOS
NVIC2.PendSV_IRQn=true\:7\:0\:false\:false\:false\:true\:false\:false
Mcu.UserConstants=
RCC.VCOSAI1OutputFreq_Value=64000000
RCC.SDMMCFreq_Value=31428571.42857143
NVIC1.SysTick_IRQn=true\:0\:0\:false\:false\:true\:false\:true
Mcu.ThirdPartyNb=0
RCC.HCLKFreq_Value=110000000
RCC.I2C4Freq_Value=110000000
Mcu.IPNb=13
ProjectManager.PreviousToolchain=STM32CubeIDE
RCC.APB2TimFreq_Value=110000000
PC7.Signal=GPIO_Output
Mcu.Pin6=VP_GTZC_S_VS_GTZC_Enable
RCC.SAI2Freq_Value=9142857.142857144
Mcu.Pin7=VP_HASH_VS_HASH
Mcu.Pin8=VP_ICACHE_VS_ICACHE
Mcu.Pin9=VP_ICACHE_VS_SECURE_ICACHE_REG
FREERTOS.IPParameters=Tasks01,configMINIMAL_SECURE_STACK_SIZE,configMINIMAL_STACK_SIZE,configCHECK_FOR_STACK_OVERFLOW,configTIMER_TASK_PRIORITY,configTIMER_QUEUE_LENGTH,configTIMER_TASK_STACK_DEPTH,FootprintOK
FREERTOS.configMINIMAL_STACK_SIZE=512
RCC.AHBFreq_Value=110000000
Mcu.Pin0=PC7
Mcu.Pin1=PA9
GPIO.groupedBy=Group By Peripherals
Mcu.Pin2=PA13 (JTMS/SWDIO)
NVIC2.UsageFault_IRQn=true\:0\:0\:false\:false\:true\:false\:false\:false
Mcu.Pin3=PA14 (JTCK/SWCLK)
RCC.USART3Freq_Value=110000000
Mcu.Pin4=PB3 (JTDO/TRACESWO)
Mcu.Pin5=VP_FREERTOS_VS_CMSIS_V2
ProjectManager.ProjectBuild=false
RCC.HSE_VALUE=16000000
Mcu.ContextProject=TrustZoneEnabled
Mcu.IP10=RNG
Mcu.IP12=SYS_S
Mcu.IP11=SYS
PA13\ (JTMS/SWDIO).PinAttribute=CortexM33NS
ProjectManager.FirmwarePackage=STM32Cube FW_L5 V1.4.0
MxDb.Version=DB.6.0.21
NVIC1.PRIS=0
NVIC2.PriorityGroup=NVIC_PRIORITYGROUP_3
ProjectManager.BackupPrevious=false
RCC.VCOInputFreq_Value=4000000
NVIC1.DebugMonitor_IRQn=true\:0\:0\:false\:false\:true\:false\:false
NVIC2.SavedSvcallIrqHandlerGenerated=true
File.Version=6
NVIC2.PRIS=0
PA14\ (JTCK/SWCLK).Mode=Trace_Asynchronous_SW
RCC.PLLRCLKFreq_Value=110000000
NVIC1.MemoryManagement_IRQn=true\:0\:0\:false\:false\:true\:false\:false
NVIC2.TimeBaseIP=TIM6
FREERTOS.configTIMER_TASK_PRIORITY=3
ProjectManager.HalAssertFull=false
RCC.CRSFreq_Value=48000000
ProjectManager.ProjectName=libstcrypto-example-nucleo_l552ze-q
Mcu.Package=LQFP144
ProjectManager.ToolChainLocation=
RCC.LSI_VALUE=32000
RCC.LSCOPinFreq_Value=32000
FREERTOS.FootprintOK=true
RCC.DFSDMFreq_Value=110000000
NVIC2.SavedSystickIrqHandlerGenerated=true
VP_PWR_VS_DBSignals.Mode=DisableDeadBatterySignals
VP_PWR_VS_DBSignals.Signal=PWR_VS_DBSignals
Mcu.Context0=CortexM33S
Mcu.Context1=CortexM33NS
RCC.PLLPoutputFreq_Value=31428571.42857143
PC7.ContextOwner=CortexM33S
RCC.APB1TimFreq_Value=110000000
RCC.LPUART1Freq_Value=110000000
ProjectManager.CustomerFirmwarePackage=
RCC.HSI48_VALUE=48000000
RCC.PLLSAI1N=16
PC7.PinAttribute=CortexM33S
RCC.MSI_VALUE=4000000
FREERTOS.configTIMER_QUEUE_LENGTH=5
RCC.PLLQoutputFreq_Value=110000000
NVIC1.HardFault_IRQn=true\:0\:0\:false\:false\:true\:false\:false
ProjectManager.ProjectFileName=libstcrypto-example-nucleo_l552ze-q.ioc
FREERTOS.Tasks01=testThreadHandl,24,512,TEST_Thread,Default,NULL,Dynamic,NULL,NULL
PA13\ (JTMS/SWDIO).Mode=Trace_Asynchronous_SW
Mcu.PinsNb=15
VP_ICACHE_VS_ICACHE.Signal=ICACHE_VS_ICACHE
ProjectManager.NoMain=false
VP_ICACHE_VS_SECURE_ICACHE_REG.Signal=ICACHE_VS_SECURE_ICACHE_REG
FREERTOS.configMINIMAL_SECURE_STACK_SIZE=1024
PA9.GPIO_Label=LED_RED
NVIC1.SecureFault_IRQn=true\:0\:0\:false\:false\:true\:false\:false
FREERTOS.configCHECK_FOR_STACK_OVERFLOW=2
CortexM33S.IPs=GTZC_S\:I,PWR\:I,RCC\:I,RTC\:I,SYS_S\:I,TAMP\:I,DMA,NVIC1\:I,ICACHE\:I,MBEDTLS\:I,RNG\:I,HASH\:I
NVIC1.PriorityGroup=NVIC_PRIORITYGROUP_3
VP_ICACHE_VS_SECURE_ICACHE_REG.Mode=ICACHE_REG_Not_Secured
VP_SYS_S_VS_Systick.Signal=SYS_S_VS_Systick
ProjectManager.DefaultFWLocation=true
ProjectManager.DeletePrevious=true
VP_RNG_VS_RNG.Mode=RNG_Activate
RCC.VCOSAI2OutputFreq_Value=32000000
PA13\ (JTMS/SWDIO).GPIOParameters=PinAttribute
VP_MBEDTLS_VS_MBEDTLS.Signal=MBEDTLS_VS_MBEDTLS
PA9.PinAttribute=CortexM33NS
RCC.FamilyName=M
SYS.userName=SYS_NS
VP_GTZC_S_VS_GTZC_Enable.Mode=GTZC_Enable
NVIC1.SVCall_IRQn=true\:0\:0\:false\:false\:true\:false\:false
NVIC1.NonMaskableInt_IRQn=true\:0\:0\:false\:false\:true\:false\:false
PB3\ (JTDO/TRACESWO).Signal=DEBUG_JTDO-SWO
ProjectManager.TargetToolchain=STM32CubeIDE
FREERTOS.configTIMER_TASK_STACK_DEPTH=512
VP_RNG_VS_RNG.Signal=RNG_VS_RNG
NVIC2.ForceEnableDMAVector=true
NVIC2.SVCall_IRQn=true\:0\:0\:false\:false\:false\:false\:false\:false
PA9.Signal=GPIO_Output
NVIC1.ForceEnableDMAVector=true
CortexM33NS.IPs=FREERTOS\:I,PWR,RCC,RTC,SYS\:I,TAMP,DMA\:I,NVIC2\:I,TIM6\:I,GTZC_NS\:I,DEBUG\:I,TRACER_EMB\:I,LPUART1\:I,UART4\:I,USART1\:I,USART2\:I
ProjectManager.RegisterCallBack=
RCC.USBFreq_Value=32000000
RCC.LSE_VALUE=32768
RCC.PLLSAI1PoutputFreq_Value=9142857.142857144
board=custom
PC7.GPIO_Speed=GPIO_SPEED_FREQ_VERY_HIGH
RCC.VCOOutputFreq_Value=220000000
ProjectManager.LastFirmware=true
VP_GTZC_S_VS_GTZC_Enable.Signal=GTZC_S_VS_GTZC_Enable
RCC.LPTIM3Freq_Value=110000000
VP_SYS_VS_tim6.Signal=SYS_VS_tim6
RCC.APB2Freq_Value=110000000
VP_HASH_VS_HASH.Mode=HASH_Activate
RCC.UART4Freq_Value=110000000
NVIC1.UsageFault_IRQn=true\:0\:0\:false\:false\:true\:false\:false
MxCube.Version=6.2.1
RCC.I2C1Freq_Value=110000000
CortexM33S.Pins=PC7
RCC.FDCANFreq_Value=110000000
RCC.RNGFreq_Value=32000000
RCC.PLLSAI1QoutputFreq_Value=32000000
RCC.ADCFreq_Value=32000000
GTZC_S.IPParameters=RNG_Secure,HASH_Secure
PA9.ContextOwner=CortexM33NS
PA9.Locked=true
NVIC2.TIM6_IRQn=true\:0\:0\:false\:false\:true\:false\:false\:true
RCC.UART5Freq_Value=110000000
ProjectManager.FreePins=false
RCC.IPParameters=ADCFreq_Value,AHBFreq_Value,APB1Freq_Value,APB1TimFreq_Value,APB2Freq_Value,APB2TimFreq_Value,CRSFreq_Value,CortexFreq_Value,DFSDMFreq_Value,FCLKCortexFreq_Value,FDCANFreq_Value,FamilyName,HCLKFreq_Value,HSE_VALUE,HSI48_VALUE,HSI_VALUE,I2C1Freq_Value,I2C2Freq_Value,I2C3Freq_Value,I2C4Freq_Value,LPTIM1Freq_Value,LPTIM2Freq_Value,LPTIM3Freq_Value,LPUART1Freq_Value,LSCOPinFreq_Value,LSE_VALUE,LSI_VALUE,MCO1PinFreq_Value,MSI_VALUE,OCTOSPIMFreq_Value,PLLN,PLLPoutputFreq_Value,PLLQoutputFreq_Value,PLLRCLKFreq_Value,PLLSAI1N,PLLSAI1PoutputFreq_Value,PLLSAI1QoutputFreq_Value,PLLSAI1RoutputFreq_Value,PLLSAI2PoutputFreq_Value,PWRFreq_Value,RNGFreq_Value,SAI1Freq_Value,SAI2Freq_Value,SDMMCFreq_Value,SYSCLKFreq_VALUE,SYSCLKSource,UART4Freq_Value,UART5Freq_Value,USART1Freq_Value,USART2Freq_Value,USART3Freq_Value,USBFreq_Value,VCOInput2Freq_Value,VCOInput3Freq_Value,VCOInputFreq_Value,VCOOutputFreq_Value,VCOSAI1OutputFreq_Value,VCOSAI2OutputFreq_Value
ProjectManager.AskForMigrate=true
Mcu.Name=STM32L552Z(C-E)TxQ
RCC.LPTIM2Freq_Value=110000000
VP_ICACHE_VS_ICACHE.Mode=DirectMappedCache
PB3\ (JTDO/TRACESWO).PinAttribute=CortexM33NS
ProjectManager.UnderRoot=true
Mcu.IP8=PWR
VP_FREERTOS_VS_CMSIS_V2.Signal=FREERTOS_VS_CMSIS_V2
Mcu.IP9=RCC
PC7.GPIO_Label=LED_GREEN
Mcu.IP6=NVIC2
Mcu.IP7=NVIC1
ProjectManager.CoupleFile=false
RCC.SYSCLKFreq_VALUE=110000000
RCC.PLLSAI2PoutputFreq_Value=4571428.571428572
KeepUserPlacement=false
ProjectManager.CompilerOptimize=6
GTZC_S.HASH_Secure=GTZC_TZSC_PERIPH_SEC
ProjectManager.HeapSize=0x200
VP_HASH_VS_HASH.Signal=HASH_VS_HASH
NVIC2.MemoryManagement_IRQn=true\:0\:0\:false\:false\:true\:false\:false\:false
Mcu.Pin13=VP_SYS_VS_tim6
Mcu.Pin14=VP_SYS_S_VS_Systick
ProjectManager.ComputerToolchain=false
RCC.HSI_VALUE=16000000
PA14\ (JTCK/SWCLK).PinAttribute=CortexM33NS
Mcu.Pin11=VP_PWR_VS_DBSignals
Mcu.Pin12=VP_RNG_VS_RNG
RCC.PLLN=55
PB3\ (JTDO/TRACESWO).Mode=Trace_Asynchronous_SW
Mcu.Pin10=VP_MBEDTLS_VS_MBEDTLS
PA9.GPIO_Speed=GPIO_SPEED_FREQ_VERY_HIGH
RCC.PWRFreq_Value=110000000
RCC.I2C2Freq_Value=110000000
RCC.VCOInput2Freq_Value=4000000
RCC.APB1Freq_Value=110000000
NVIC1.BusFault_IRQn=true\:0\:0\:false\:false\:true\:false\:false
Mcu.ContextNb=2
ProjectManager.DeviceId=STM32L552ZETxQ
ProjectManager.LibraryCopy=1
PA13\ (JTMS/SWDIO).Signal=DEBUG_JTMS-SWDIO
NVIC1.GTZC_IRQn=true\:0\:0\:false\:false\:true\:true\:true
isbadioc=false
